
Microsoft Visual Studio Solution File, Format Version 12.00
# Visual Studio Version 16
VisualStudioVersion = 16.0.33927.289
MinimumVisualStudioVersion = 10.0.40219.1
Project("{8BC9CEB8-8B4A-11D0-8D11-00A0C91BC942}") = "practice", "practice\practice.vcxproj", "{192D9E3D-4EAD-4EB8-A5A4-95C62E999553}"
EndProject
Global
	GlobalSection(SolutionConfigurationPlatforms) = preSolution
		Debug|x64 = Debug|x64
		Debug|x86 = Debug|x86
		Release|x64 = Release|x64
		Release|x86 = Release|x86
	EndGlobalSection
	GlobalSection(ProjectConfigurationPlatforms) = postSolution
		{192D9E3D-4EAD-4EB8-A5A4-95C62E999553}.Debug|x64.ActiveCfg = Debug|x64
		{192D9E3D-4EAD-4EB8-A5A4-95C62E999553}.Debug|x64.Build.0 = Debug|x64
		{192D9E3D-4EAD-4EB8-A5A4-95C62E999553}.Debug|x86.ActiveCfg = Debug|Win32
		{192D9E3D-4EAD-4EB8-A5A4-95C62E999553}.Debug|x86.Build.0 = Debug|Win32
		{192D9E3D-4EAD-4EB8-A5A4-95C62E999553}.Release|x64.ActiveCfg = Release|x64
		{192D9E3D-4EAD-4EB8-A5A4-95C62E999553}.Release|x64.Build.0 = Release|x64
		{192D9E3D-4EAD-4EB8-A5A4-95C62E999553}.Release|x86.ActiveCfg = Release|Win32
		{192D9E3D-4EAD-4EB8-A5A4-95C62E999553}.Release|x86.Build.0 = Release|Win32
	EndGlobalSection
	GlobalSection(SolutionProperties) = preSolution
		HideSolutionNode = FALSE
	EndGlobalSection
	GlobalSection(ExtensibilityGlobals) = postSolution
		SolutionGuid = {07C126A5-C252-43B9-9147-15FC1EFA05A8}
	EndGlobalSection
EndGlobal
